{
	"name": "yellostone-to-mpeg2-ts",
	"version": "1.0.0",
	"lockfileVersion": 3,
	"requires": true,
	"packages": {
		"": {
			"name": "yellostone-to-mpeg2-ts",
			"version": "1.0.0",
			"license": "MIT",
			"dependencies": {
				"commander": "^14.0.0",
				"prettier": "^3.6.2",
				"yellowstone": "github:mbullington/yellowstone"
			}
		},
		"node_modules/commander": {
			"version": "14.0.0",
			"resolved": "https://registry.npmjs.org/commander/-/commander-14.0.0.tgz",
			"integrity": "sha512-2uM9rYjPvyq39NwLRqaiLtWHyDC1FvryJDa2ATTVims5YAS4PupsEQsDvP14FqhFr0P49CYDugi59xaxJlTXRA==",
			"license": "MIT",
			"engines": {
				"node": ">=20"
			}
		},
		"node_modules/prettier": {
			"version": "3.6.2",
			"resolved": "https://registry.npmjs.org/prettier/-/prettier-3.6.2.tgz",
			"integrity": "sha512-I7AIg5boAr5R0FFtJ6rCfD+LFsWHp81dolrFD8S79U9tb8Az2nGrJncnMSnys+bpQJfRUzqs9hnA81OAA3hCuQ==",
			"license": "MIT",
			"bin": {
				"prettier": "bin/prettier.cjs"
			},
			"engines": {
				"node": ">=14"
			},
			"funding": {
				"url": "https://github.com/prettier/prettier?sponsor=1"
			}
		},
		"node_modules/sdp-transform": {
			"version": "2.15.0",
			"resolved": "https://registry.npmjs.org/sdp-transform/-/sdp-transform-2.15.0.tgz",
			"integrity": "sha512-KrOH82c/W+GYQ0LHqtr3caRpM3ITglq3ljGUIb8LTki7ByacJZ9z+piSGiwZDsRyhQbYBOBJgr2k6X4BZXi3Kw==",
			"license": "MIT",
			"bin": {
				"sdp-verify": "checker.js"
			}
		},
		"node_modules/yellowstone": {
			"version": "3.0.4",
			"resolved": "git+ssh://git@github.com/mbullington/yellowstone.git#1f9db8ad86a2e2002fcf70dbd7c6a8b043023be1",
			"license": "MIT",
			"dependencies": {
				"sdp-transform": "^2.14.1"
			}
		}
	}
}
